# This file is generated by running "yarn install" inside your project.
# Manual changes might be lost - proceed with caution!

__metadata:
  version: 6
  cacheKey: 8

"@babel/runtime@npm:^7.23.2":
  version: 7.23.7
  resolution: "@babel/runtime@npm:7.23.7"
  dependencies:
    regenerator-runtime: ^0.14.0
  checksum: eba85bd24d250abb5ae19b16cffc15a54d3894d8228ace40fa4c0e2f1938f28b38ad3e3430ebff9a1ef511eeb8c527e36044ac19076d6deafa52cef35d8624b9
  languageName: node
  linkType: hard

"@dice-roller/rpg-dice-roller@npm:^5.5.0":
  version: 5.5.0
  resolution: "@dice-roller/rpg-dice-roller@npm:5.5.0"
  dependencies:
    mathjs: ^11.2.1
    random-js: ^2.1.0
  checksum: 757313a6889216b8102399e6f2ab9ec7590ac70c1fea347f998608ad12a7a4384699e9362687697a7225dfd6b0ba6c9c8d3d05438a03292c311cc008cbf47a4d
  languageName: node
  linkType: hard

"@discordjs/builders@npm:^1.8.2":
  version: 1.8.2
  resolution: "@discordjs/builders@npm:1.8.2"
  dependencies:
    "@discordjs/formatters": ^0.4.0
    "@discordjs/util": ^1.1.0
    "@sapphire/shapeshift": ^3.9.7
    discord-api-types: 0.37.83
    fast-deep-equal: ^3.1.3
    ts-mixer: ^6.0.4
    tslib: ^2.6.2
  checksum: 65c707f28fb40b2875ebc08d580b6902eaf988c0e70ad674e33893abfdde74b52fc491476336a312c4f18de2fc599e1299341af152265d84864c907a12749a8e
  languageName: node
  linkType: hard

"@discordjs/collection@npm:1.5.3":
  version: 1.5.3
  resolution: "@discordjs/collection@npm:1.5.3"
  checksum: fefed19bea0f69053d195f9d9dc8af07ca5d8c9b1064581e0aa14bda2b70e632b93c164d5ef3e4910f5442369612ff4eec8d52a700aec562510c19b223f67023
  languageName: node
  linkType: hard

"@discordjs/collection@npm:^2.1.0":
  version: 2.1.0
  resolution: "@discordjs/collection@npm:2.1.0"
  checksum: ebe1a32769296f14a38b2c718c7e0d00830e37e68e59a3683aa0f7c25adf9487ebaca3ac3f78fd60e2c89cf314b7891312cac36e3b0885cceb4d2a677ae7d19b
  languageName: node
  linkType: hard

"@discordjs/formatters@npm:^0.4.0":
  version: 0.4.0
  resolution: "@discordjs/formatters@npm:0.4.0"
  dependencies:
    discord-api-types: 0.37.83
  checksum: 130ab7ba104635d7d0f92f4c3de67dbc60cdab004e9db605e0f2c7f410a9808df8776e4d5d45632597dc7257713dc77bb616ee25bb0827117247b6bebfe35921
  languageName: node
  linkType: hard

"@discordjs/rest@npm:^2.3.0":
  version: 2.3.0
  resolution: "@discordjs/rest@npm:2.3.0"
  dependencies:
    "@discordjs/collection": ^2.1.0
    "@discordjs/util": ^1.1.0
    "@sapphire/async-queue": ^1.5.2
    "@sapphire/snowflake": ^3.5.3
    "@vladfrangu/async_event_emitter": ^2.2.4
    discord-api-types: 0.37.83
    magic-bytes.js: ^1.10.0
    tslib: ^2.6.2
    undici: 6.13.0
  checksum: 01564bf108c359f5650318ccadc51bf762c99df56de865192b25adef4331c0729886e84b4ebd10dfc57818b97ff891f1857873811e7a2326d24fd0bf892a0201
  languageName: node
  linkType: hard

"@discordjs/util@npm:^1.1.0":
  version: 1.1.0
  resolution: "@discordjs/util@npm:1.1.0"
  checksum: b4db3fc6017986cd0e7fd6aa50e890e1259e79c6e0ff9c07685a86b2c22409a42f146f282d907885444f37ca596220c166d8be11851fab7f9e2c1ee932fd524e
  languageName: node
  linkType: hard

"@discordjs/ws@npm:^1.1.1":
  version: 1.1.1
  resolution: "@discordjs/ws@npm:1.1.1"
  dependencies:
    "@discordjs/collection": ^2.1.0
    "@discordjs/rest": ^2.3.0
    "@discordjs/util": ^1.1.0
    "@sapphire/async-queue": ^1.5.2
    "@types/ws": ^8.5.10
    "@vladfrangu/async_event_emitter": ^2.2.4
    discord-api-types: 0.37.83
    tslib: ^2.6.2
    ws: ^8.16.0
  checksum: 42ba6dad56d6d340b34e400144cb6cd0433c963b16c51e24496b43a1a23cc01c663cb24c492b9fc8c1f7dd528ce32f7d34e2ed379dbc57352468f5505fe21486
  languageName: node
  linkType: hard

"@sapphire/async-queue@npm:^1.5.2":
  version: 1.5.3
  resolution: "@sapphire/async-queue@npm:1.5.3"
  checksum: e9d71249621a4e3763827ac45f1480f88e09db490c377e01a258cc23e4c2d442adda47f4aab8baa101a746f51f06dc96e748c5d327fc235b27c5fc018b795ef7
  languageName: node
  linkType: hard

"@sapphire/shapeshift@npm:^3.9.7":
  version: 3.9.7
  resolution: "@sapphire/shapeshift@npm:3.9.7"
  dependencies:
    fast-deep-equal: ^3.1.3
    lodash: ^4.17.21
  checksum: a36032ff8fc54056ea21e0cdbbea84c3d80c0c0fb19b2685e14e29111ab9c1172c9273e1e54d49e2a62ba5a393f18b3dab9330d34b97d3519d572e32dd64913d
  languageName: node
  linkType: hard

"@sapphire/snowflake@npm:3.5.3, @sapphire/snowflake@npm:^3.5.3":
  version: 3.5.3
  resolution: "@sapphire/snowflake@npm:3.5.3"
  checksum: 821add76877e2786ddb1b5cd3ee5de130610b82014972d91a99b4b7ce5475839b9a26f94de322f48a66f9ba2e2c578ffe46a60d06cbb9a36fd8fb96ef78be248
  languageName: node
  linkType: hard

"@types/node@npm:*, @types/node@npm:^20.10.5":
  version: 20.10.5
  resolution: "@types/node@npm:20.10.5"
  dependencies:
    undici-types: ~5.26.4
  checksum: e216b679f545a8356960ce985a0e53c3a58fff0eacd855e180b9e223b8db2b5bd07b744a002b8c1f0c37f9194648ab4578533b5c12df2ec10cc02f61d20948d2
  languageName: node
  linkType: hard

"@types/ws@npm:^8.5.10":
  version: 8.5.12
  resolution: "@types/ws@npm:8.5.12"
  dependencies:
    "@types/node": "*"
  checksum: ddefb6ad1671f70ce73b38a5f47f471d4d493864fca7c51f002a86e5993d031294201c5dced6d5018fb8905ad46888d65c7f20dd54fc165910b69f42fba9a6d0
  languageName: node
  linkType: hard

"@vladfrangu/async_event_emitter@npm:^2.2.4":
  version: 2.4.5
  resolution: "@vladfrangu/async_event_emitter@npm:2.4.5"
  checksum: fd2098994545e9efc8854058e33c418b603393e500ef25103981f65bc0c4dd3f073b95ee3660d92329ce6f527c86a717fe9948ea84f2c777115b03ebf58a3210
  languageName: node
  linkType: hard

"ajv@npm:^8.0.1":
  version: 8.17.1
  resolution: "ajv@npm:8.17.1"
  dependencies:
    fast-deep-equal: ^3.1.3
    fast-uri: ^3.0.1
    json-schema-traverse: ^1.0.0
    require-from-string: ^2.0.2
  checksum: 1797bf242cfffbaf3b870d13565bd1716b73f214bb7ada9a497063aada210200da36e3ed40237285f3255acc4feeae91b1fb183625331bad27da95973f7253d9
  languageName: node
  linkType: hard

"akun-dice@https://github.com/Fiddlekins/akun-dice.git":
  version: 1.0.0
  resolution: "akun-dice@https://github.com/Fiddlekins/akun-dice.git#commit=d262cb6a073722771d895db668240255e14de74c"
  checksum: 39b81399e4519669b6f39d22cdbfeb7626260b14c05c48e687b75c414a482b00df541668d3ad58037e93cc610494c3846175fc7cabbe02a1d994e10dd1d0efc4
  languageName: node
  linkType: hard

"ansi-regex@npm:^5.0.1":
  version: 5.0.1
  resolution: "ansi-regex@npm:5.0.1"
  checksum: 2aa4bb54caf2d622f1afdad09441695af2a83aa3fe8b8afa581d205e57ed4261c183c4d3877cee25794443fde5876417d859c108078ab788d6af7e4fe52eb66b
  languageName: node
  linkType: hard

"ansi-styles@npm:^4.0.0":
  version: 4.3.0
  resolution: "ansi-styles@npm:4.3.0"
  dependencies:
    color-convert: ^2.0.1
  checksum: 513b44c3b2105dd14cc42a19271e80f386466c4be574bccf60b627432f9198571ebf4ab1e4c3ba17347658f4ee1711c163d574248c0c1cdc2d5917a0ad582ec4
  languageName: node
  linkType: hard

"astral-regex@npm:^2.0.0":
  version: 2.0.0
  resolution: "astral-regex@npm:2.0.0"
  checksum: 876231688c66400473ba505731df37ea436e574dd524520294cc3bbc54ea40334865e01fa0d074d74d036ee874ee7e62f486ea38bc421ee8e6a871c06f011766
  languageName: node
  linkType: hard

"color-convert@npm:^2.0.1":
  version: 2.0.1
  resolution: "color-convert@npm:2.0.1"
  dependencies:
    color-name: ~1.1.4
  checksum: 79e6bdb9fd479a205c71d89574fccfb22bd9053bd98c6c4d870d65c132e5e904e6034978e55b43d69fcaa7433af2016ee203ce76eeba9cfa554b373e7f7db336
  languageName: node
  linkType: hard

"color-name@npm:~1.1.4":
  version: 1.1.4
  resolution: "color-name@npm:1.1.4"
  checksum: b0445859521eb4021cd0fb0cc1a75cecf67fceecae89b63f62b201cca8d345baf8b952c966862a9d9a2632987d4f6581f0ec8d957dfacece86f0a7919316f610
  languageName: node
  linkType: hard

"complex.js@npm:^2.1.1":
  version: 2.1.1
  resolution: "complex.js@npm:2.1.1"
  checksum: a0802cc3f0eb7703088edfc3fe209ae7be5ce93c0e710a0f288be2e29ee31b3530a8c0d3330d7c2a668410dfe4293a4038554d66c7f1f1165997941bdc1092aa
  languageName: node
  linkType: hard

"decimal.js@npm:^10.4.3":
  version: 10.4.3
  resolution: "decimal.js@npm:10.4.3"
  checksum: 796404dcfa9d1dbfdc48870229d57f788b48c21c603c3f6554a1c17c10195fc1024de338b0cf9e1efe0c7c167eeb18f04548979bcc5fdfabebb7cc0ae3287bae
  languageName: node
  linkType: hard

"discord-api-types@npm:0.37.83":
  version: 0.37.83
  resolution: "discord-api-types@npm:0.37.83"
  checksum: ab2a31188352d9c742f09a114a95322e7f7de90199cb9f5571f7f5ac25765e7abc9b83c15c14d513ffc5e1d63d9e3ea5ff088fa8a1c5d9c1e1f395b27027cef0
  languageName: node
  linkType: hard

"discord.js@npm:^14.15.3":
  version: 14.15.3
  resolution: "discord.js@npm:14.15.3"
  dependencies:
    "@discordjs/builders": ^1.8.2
    "@discordjs/collection": 1.5.3
    "@discordjs/formatters": ^0.4.0
    "@discordjs/rest": ^2.3.0
    "@discordjs/util": ^1.1.0
    "@discordjs/ws": ^1.1.1
    "@sapphire/snowflake": 3.5.3
    discord-api-types: 0.37.83
    fast-deep-equal: 3.1.3
    lodash.snakecase: 4.1.1
    tslib: 2.6.2
    undici: 6.13.0
  checksum: 0b521caee9040c3a39200e6bf01b60230e9abd89b13e632054be2a2e08b74708b0776dd61ccf5e737968c33907e824c7fca9aeb62a293700cd5d517ce82f795d
  languageName: node
  linkType: hard

"dotenv@npm:^16.3.1":
  version: 16.3.1
  resolution: "dotenv@npm:16.3.1"
  checksum: 15d75e7279018f4bafd0ee9706593dd14455ddb71b3bcba9c52574460b7ccaf67d5cf8b2c08a5af1a9da6db36c956a04a1192b101ee102a3e0cf8817bbcf3dfd
  languageName: node
  linkType: hard

"emoji-regex@npm:^8.0.0":
  version: 8.0.0
  resolution: "emoji-regex@npm:8.0.0"
  checksum: d4c5c39d5a9868b5fa152f00cada8a936868fd3367f33f71be515ecee4c803132d11b31a6222b2571b1e5f7e13890156a94880345594d0ce7e3c9895f560f192
  languageName: node
  linkType: hard

"escape-latex@npm:^1.2.0":
  version: 1.2.0
  resolution: "escape-latex@npm:1.2.0"
  checksum: 73a787319f0965ecb8244bb38bf3a3cba872f0b9a5d3da8821140e9f39fe977045dc953a62b1a2bed4d12bfccbe75a7d8ec786412bf00739eaa2f627d0a8e0d6
  languageName: node
  linkType: hard

"fast-deep-equal@npm:3.1.3, fast-deep-equal@npm:^3.1.3":
  version: 3.1.3
  resolution: "fast-deep-equal@npm:3.1.3"
  checksum: e21a9d8d84f53493b6aa15efc9cfd53dd5b714a1f23f67fb5dc8f574af80df889b3bce25dc081887c6d25457cce704e636395333abad896ccdec03abaf1f3f9d
  languageName: node
  linkType: hard

"fast-uri@npm:^3.0.1":
  version: 3.0.2
  resolution: "fast-uri@npm:3.0.2"
  checksum: ca00aadc84e0ab93a8a1700c386bc7cbeb49f47d9801083c258444eed31221fdf864d68fb48ea8acd7c512bf046b53c09e3aafd6d4bdb9449ed21be29d8d6f75
  languageName: node
  linkType: hard

"fidbot2@workspace:.":
  version: 0.0.0-use.local
  resolution: "fidbot2@workspace:."
  dependencies:
    "@dice-roller/rpg-dice-roller": ^5.5.0
    "@types/node": ^20.10.5
    akun-dice: "https://github.com/Fiddlekins/akun-dice.git"
    discord.js: ^14.15.3
    dotenv: ^16.3.1
    table: ^6.8.2
    typescript: ^5.3.3
  languageName: unknown
  linkType: soft

"fraction.js@npm:4.3.4":
  version: 4.3.4
  resolution: "fraction.js@npm:4.3.4"
  checksum: 26fdecf114e3b693c760d3b2d5447f8ba9e815991ca7c7cdb930156780793b87f10936979a890b389676d960d7cd026273da9a44a6e20c12e3c4fd282a026ed3
  languageName: node
  linkType: hard

"is-fullwidth-code-point@npm:^3.0.0":
  version: 3.0.0
  resolution: "is-fullwidth-code-point@npm:3.0.0"
  checksum: 44a30c29457c7fb8f00297bce733f0a64cd22eca270f83e58c105e0d015e45c019491a4ab2faef91ab51d4738c670daff901c799f6a700e27f7314029e99e348
  languageName: node
  linkType: hard

"javascript-natural-sort@npm:^0.7.1":
  version: 0.7.1
  resolution: "javascript-natural-sort@npm:0.7.1"
  checksum: 161e2c512cc7884bc055a582c6645d9032cab88497a76123d73cb23bfb03d97a04cf7772ecdb8bd3366fc07192c2f996366f479f725c23ef073fffe03d6a586a
  languageName: node
  linkType: hard

"json-schema-traverse@npm:^1.0.0":
  version: 1.0.0
  resolution: "json-schema-traverse@npm:1.0.0"
  checksum: 02f2f466cdb0362558b2f1fd5e15cce82ef55d60cd7f8fa828cf35ba74330f8d767fcae5c5c2adb7851fa811766c694b9405810879bc4e1ddd78a7c0e03658ad
  languageName: node
  linkType: hard

"lodash.snakecase@npm:4.1.1":
  version: 4.1.1
  resolution: "lodash.snakecase@npm:4.1.1"
  checksum: 1685ed3e83dda6eae5a4dcaee161a51cd210aabb3e1c09c57150e7dd8feda19e4ca0d27d0631eabe8d0f4eaa51e376da64e8c018ae5415417c5890d42feb72a8
  languageName: node
  linkType: hard

"lodash.truncate@npm:^4.4.2":
  version: 4.4.2
  resolution: "lodash.truncate@npm:4.4.2"
  checksum: b463d8a382cfb5f0e71c504dcb6f807a7bd379ff1ea216669aa42c52fc28c54e404bfbd96791aa09e6df0de2c1d7b8f1b7f4b1a61f324d38fe98bc535aeee4f5
  languageName: node
  linkType: hard

"lodash@npm:^4.17.21":
  version: 4.17.21
  resolution: "lodash@npm:4.17.21"
  checksum: eb835a2e51d381e561e508ce932ea50a8e5a68f4ebdd771ea240d3048244a8d13658acbd502cd4829768c56f2e16bdd4340b9ea141297d472517b83868e677f7
  languageName: node
  linkType: hard

"magic-bytes.js@npm:^1.10.0":
  version: 1.10.0
  resolution: "magic-bytes.js@npm:1.10.0"
  checksum: c10e7fc3fe584e4b0767554fb6a12dfc4a9db0782d5005cbdd46bc9b36a8bb420f5266a4b02e089ea4db587937fde289ea467a7a379ad969fb906bf4a0ec3f38
  languageName: node
  linkType: hard

"mathjs@npm:^11.2.1":
  version: 11.12.0
  resolution: "mathjs@npm:11.12.0"
  dependencies:
    "@babel/runtime": ^7.23.2
    complex.js: ^2.1.1
    decimal.js: ^10.4.3
    escape-latex: ^1.2.0
    fraction.js: 4.3.4
    javascript-natural-sort: ^0.7.1
    seedrandom: ^3.0.5
    tiny-emitter: ^2.1.0
    typed-function: ^4.1.1
  bin:
    mathjs: bin/cli.js
  checksum: 69d9ba52435bfebf50d0169939d6c6a0293f4b0e63683c4b95004574863a312503baab826680aa3963e21dc409628493ee333ed9d6a3e45cd4003d430a1ef0ef
  languageName: node
  linkType: hard

"random-js@npm:^2.1.0":
  version: 2.1.0
  resolution: "random-js@npm:2.1.0"
  checksum: cdee38c303aafe441bd7809810b9dff9f6fdd9f356775bbd7e138943c0bc782a5f0ab473d3fac9d58da759d3976c1eef421d8a3f76f56301c805cc11bc496a11
  languageName: node
  linkType: hard

"regenerator-runtime@npm:^0.14.0":
  version: 0.14.1
  resolution: "regenerator-runtime@npm:0.14.1"
  checksum: 9f57c93277b5585d3c83b0cf76be47b473ae8c6d9142a46ce8b0291a04bb2cf902059f0f8445dcabb3fb7378e5fe4bb4ea1e008876343d42e46d3b484534ce38
  languageName: node
  linkType: hard

"require-from-string@npm:^2.0.2":
  version: 2.0.2
  resolution: "require-from-string@npm:2.0.2"
  checksum: a03ef6895445f33a4015300c426699bc66b2b044ba7b670aa238610381b56d3f07c686251740d575e22f4c87531ba662d06937508f0f3c0f1ddc04db3130560b
  languageName: node
  linkType: hard

"seedrandom@npm:^3.0.5":
  version: 3.0.5
  resolution: "seedrandom@npm:3.0.5"
  checksum: 728b56bc3bc1b9ddeabd381e449b51cb31bdc0aa86e27fcd0190cea8c44613d5bcb2f6bb63ed79f78180cbe791c20b8ec31a9627f7b7fc7f476fd2bdb7e2da9f
  languageName: node
  linkType: hard

"slice-ansi@npm:^4.0.0":
  version: 4.0.0
  resolution: "slice-ansi@npm:4.0.0"
  dependencies:
    ansi-styles: ^4.0.0
    astral-regex: ^2.0.0
    is-fullwidth-code-point: ^3.0.0
  checksum: 4a82d7f085b0e1b070e004941ada3c40d3818563ac44766cca4ceadd2080427d337554f9f99a13aaeb3b4a94d9964d9466c807b3d7b7541d1ec37ee32d308756
  languageName: node
  linkType: hard

"string-width@npm:^4.2.3":
  version: 4.2.3
  resolution: "string-width@npm:4.2.3"
  dependencies:
    emoji-regex: ^8.0.0
    is-fullwidth-code-point: ^3.0.0
    strip-ansi: ^6.0.1
  checksum: e52c10dc3fbfcd6c3a15f159f54a90024241d0f149cf8aed2982a2d801d2e64df0bf1dc351cf8e95c3319323f9f220c16e740b06faecd53e2462df1d2b5443fb
  languageName: node
  linkType: hard

"strip-ansi@npm:^6.0.1":
  version: 6.0.1
  resolution: "strip-ansi@npm:6.0.1"
  dependencies:
    ansi-regex: ^5.0.1
  checksum: f3cd25890aef3ba6e1a74e20896c21a46f482e93df4a06567cebf2b57edabb15133f1f94e57434e0a958d61186087b1008e89c94875d019910a213181a14fc8c
  languageName: node
  linkType: hard

"table@npm:^6.8.2":
  version: 6.8.2
  resolution: "table@npm:6.8.2"
  dependencies:
    ajv: ^8.0.1
    lodash.truncate: ^4.4.2
    slice-ansi: ^4.0.0
    string-width: ^4.2.3
    strip-ansi: ^6.0.1
  checksum: 61188652f53a980d1759ca460ca8dea5c5322aece3210457e7084882f053c2b6a870041295e08a82cb1d676e31b056406845d94b0abf3c79a4b104777bec413b
  languageName: node
  linkType: hard

"tiny-emitter@npm:^2.1.0":
  version: 2.1.0
  resolution: "tiny-emitter@npm:2.1.0"
  checksum: fbcfb5145751a0e3b109507a828eb6d6d4501352ab7bb33eccef46e22e9d9ad3953158870a6966a59e57ab7c3f9cfac7cab8521db4de6a5e757012f4677df2dd
  languageName: node
  linkType: hard

"ts-mixer@npm:^6.0.4":
  version: 6.0.4
  resolution: "ts-mixer@npm:6.0.4"
  checksum: 36b1af526befd74345e736e9aa16f5c28876ebcea07784da14d929149fd7e6028cfd2fe9304c8efe8cb91b588443a9cc9e991df58e4c6e602326edbaae2af3ab
  languageName: node
  linkType: hard

"tslib@npm:2.6.2, tslib@npm:^2.6.2":
  version: 2.6.2
  resolution: "tslib@npm:2.6.2"
  checksum: 329ea56123005922f39642318e3d1f0f8265d1e7fcb92c633e0809521da75eeaca28d2cf96d7248229deb40e5c19adf408259f4b9640afd20d13aecc1430f3ad
  languageName: node
  linkType: hard

"typed-function@npm:^4.1.1":
  version: 4.1.1
  resolution: "typed-function@npm:4.1.1"
  checksum: ac9619d96c70f5023fee9fa393560ebc91080b0bbdd1e4ec5d924a56db77cee49b78d9e897c17935ed58000eee104bc9b59f29c1a5c86bcc2a3e58ff8449aff5
  languageName: node
  linkType: hard

"typescript@npm:^5.3.3":
  version: 5.3.3
  resolution: "typescript@npm:5.3.3"
  bin:
    tsc: bin/tsc
    tsserver: bin/tsserver
  checksum: 2007ccb6e51bbbf6fde0a78099efe04dc1c3dfbdff04ca3b6a8bc717991862b39fd6126c0c3ebf2d2d98ac5e960bcaa873826bb2bb241f14277034148f41f6a2
  languageName: node
  linkType: hard

"typescript@patch:typescript@^5.3.3#~builtin<compat/typescript>":
  version: 5.3.3
  resolution: "typescript@patch:typescript@npm%3A5.3.3#~builtin<compat/typescript>::version=5.3.3&hash=14eedb"
  bin:
    tsc: bin/tsc
    tsserver: bin/tsserver
  checksum: f61375590b3162599f0f0d5b8737877ac0a7bc52761dbb585d67e7b8753a3a4c42d9a554c4cc929f591ffcf3a2b0602f65ae3ce74714fd5652623a816862b610
  languageName: node
  linkType: hard

"undici-types@npm:~5.26.4":
  version: 5.26.5
  resolution: "undici-types@npm:5.26.5"
  checksum: 3192ef6f3fd5df652f2dc1cd782b49d6ff14dc98e5dced492aa8a8c65425227da5da6aafe22523c67f035a272c599bb89cfe803c1db6311e44bed3042fc25487
  languageName: node
  linkType: hard

"undici@npm:6.13.0":
  version: 6.13.0
  resolution: "undici@npm:6.13.0"
  checksum: 47495e93aceeab18664678b6fb0ea2395b7c13a33d2ed4f7f36eb9be9ec5cd6f8e3a4ddaec18127da5e2012e5d7666ca824c7dc70af606dcfe6fdb8441ee3a7a
  languageName: node
  linkType: hard

"ws@npm:^8.16.0":
  version: 8.18.0
  resolution: "ws@npm:8.18.0"
  peerDependencies:
    bufferutil: ^4.0.1
    utf-8-validate: ">=5.0.2"
  peerDependenciesMeta:
    bufferutil:
      optional: true
    utf-8-validate:
      optional: true
  checksum: 91d4d35bc99ff6df483bdf029b9ea4bfd7af1f16fc91231a96777a63d263e1eabf486e13a2353970efc534f9faa43bdbf9ee76525af22f4752cbc5ebda333975
  languageName: node
  linkType: hard
